
Microsoft Visual Studio Solution File, Format Version 12.00
# Visual Studio Version 17
VisualStudioVersion = 17.4.33213.308
MinimumVisualStudioVersion = 10.0.40219.1
Project("{FAE04EC0-301F-11D3-BF4B-00C04F79EFBC}") = "MinimalAPI", "MinimalAPI.csproj", "{78EF13CF-97A3-4594-8BC5-0ECF13FBD642}"
EndProject
Global
	GlobalSection(SolutionConfigurationPlatforms) = preSolution
		Debug|Any CPU = Debug|Any CPU
		Release|Any CPU = Release|Any CPU
	EndGlobalSection
	GlobalSection(ProjectConfigurationPlatforms) = postSolution
		{78EF13CF-97A3-4594-8BC5-0ECF13FBD642}.Debug|Any CPU.ActiveCfg = Debug|Any CPU
		{78EF13CF-97A3-4594-8BC5-0ECF13FBD642}.Debug|Any CPU.Build.0 = Debug|Any CPU
		{78EF13CF-97A3-4594-8BC5-0ECF13FBD642}.Release|Any CPU.ActiveCfg = Release|Any CPU
		{78EF13CF-97A3-4594-8BC5-0ECF13FBD642}.Release|Any CPU.Build.0 = Release|Any CPU
	EndGlobalSection
	GlobalSection(SolutionProperties) = preSolution
		HideSolutionNode = FALSE
	EndGlobalSection
	GlobalSection(ExtensibilityGlobals) = postSolution
		SolutionGuid = {A87450B0-A6C9-4914-911F-B3F32974CD44}
	EndGlobalSection
EndGlobal
